{
  "nodes": {
    "nixpkgs": {
      "locked": {
        "lastModified": 1606251485,
        "narHash": "sha256-1WvP97lDV/EvCsF0pnE9UnlAcc5l2m7bxLH6srYmDS8=",
        "path": "/nix/store/n8gjar46rfb7bx74fw1kpp0p668dqplf-source",
        "rev": "6f0c00907bbd81b47052eef59f7b284926a77289",
        "type": "path"
      },
      "original": {
        "id": "nixpkgs",
        "type": "indirect"
      }
    },
    "root": {
      "inputs": {
        "nixpkgs": "nixpkgs"
      }
    }
  },
  "root": "root",
  "version": 7
}
